<Solution>
  <Folder Name="/Engine/">
    <Project Path="Engine/Sandbox/Mirage.Sandbox.csproj" />
    <Project Path="Engine/Scheduler/Mirage.Scheduler.csproj" />
    <Project Path="Engine/Tests/Mirage.Tests.csproj" />
    <Project Path="Engine/Windowing/Mirage.Windowing.csproj" />
    <Project Path="Engine/Core/Mirage.Core.csproj" />
    <Project Path="Engine\Math\Mirage.Math.csproj" />
  </Folder>
</Solution>
