<Solution>
  <Project Path="Sandbox/Mirage.Sandbox.csproj" />
  <Folder Name="/Engine/">
    <Project Path="Engine/Scheduler/Mirage.Scheduler.csproj" />
    <Project Path="Engine/Tests/Mirage.Tests.csproj" />
    <Project Path="Engine/Windowing/Mirage.Windowing.csproj" />
    <Project Path="Engine\Math\Mirage.Math.csproj" />
    <Project Path="Engine\Common\Mirage.Common.csproj" />
    <Project Path="Engine\Graph\Mirage.Graph.csproj" />
  </Folder>
</Solution>
